
Microsoft Visual Studio Solution File, Format Version 12.00
# Visual Studio Version 16
VisualStudioVersion = 25.0.1706.7
MinimumVisualStudioVersion = 10.0.40219.1
Project("{FAE04EC0-301F-11D3-BF4B-00C04F79EFBC}") = "timeout_sample", "timeout_sample\timeout_sample.csproj", "{7373CD07-EC11-494C-9069-16E7ED33EAF1}"
EndProject
Project("{2150E333-8FDC-42A3-9474-1A3956D46DE8}") = "Solution Items", "Solution Items", "{210B884D-39EE-4978-A51F-9AB09B9D61B6}"
	ProjectSection(SolutionItems) = preProject
		readme.md = readme.md
		.gitignore = .gitignore
		Dockerfile = Dockerfile
		.dockerignore = .dockerignore
	EndProjectSection
EndProject
Project("{FAE04EC0-301F-11D3-BF4B-00C04F79EFBC}") = "TimeoutSampleCdk", "timeout_sample_cdk\src\TimeoutSampleCdk\TimeoutSampleCdk.csproj", "{1C6C8BD1-CB79-40DE-8922-A01563DBDEE7}"
EndProject
Project("{FAE04EC0-301F-11D3-BF4B-00C04F79EFBC}") = "TimeoutSample.DataLayer", "timeout_sample_datalayer\TimeoutSample.DataLayer.csproj", "{14CA4405-9157-4E7D-9305-72BD44BEB63D}"
EndProject
Global
	GlobalSection(SolutionConfigurationPlatforms) = preSolution
		Debug|Any CPU = Debug|Any CPU
		Release|Any CPU = Release|Any CPU
	EndGlobalSection
	GlobalSection(ProjectConfigurationPlatforms) = postSolution
		{7373CD07-EC11-494C-9069-16E7ED33EAF1}.Debug|Any CPU.ActiveCfg = Debug|Any CPU
		{7373CD07-EC11-494C-9069-16E7ED33EAF1}.Debug|Any CPU.Build.0 = Debug|Any CPU
		{7373CD07-EC11-494C-9069-16E7ED33EAF1}.Release|Any CPU.ActiveCfg = Release|Any CPU
		{7373CD07-EC11-494C-9069-16E7ED33EAF1}.Release|Any CPU.Build.0 = Release|Any CPU
		{1C6C8BD1-CB79-40DE-8922-A01563DBDEE7}.Debug|Any CPU.ActiveCfg = Debug|Any CPU
		{1C6C8BD1-CB79-40DE-8922-A01563DBDEE7}.Debug|Any CPU.Build.0 = Debug|Any CPU
		{1C6C8BD1-CB79-40DE-8922-A01563DBDEE7}.Release|Any CPU.ActiveCfg = Release|Any CPU
		{1C6C8BD1-CB79-40DE-8922-A01563DBDEE7}.Release|Any CPU.Build.0 = Release|Any CPU
		{14CA4405-9157-4E7D-9305-72BD44BEB63D}.Debug|Any CPU.ActiveCfg = Debug|Any CPU
		{14CA4405-9157-4E7D-9305-72BD44BEB63D}.Debug|Any CPU.Build.0 = Debug|Any CPU
		{14CA4405-9157-4E7D-9305-72BD44BEB63D}.Release|Any CPU.ActiveCfg = Release|Any CPU
		{14CA4405-9157-4E7D-9305-72BD44BEB63D}.Release|Any CPU.Build.0 = Release|Any CPU
	EndGlobalSection
	GlobalSection(SolutionProperties) = preSolution
		HideSolutionNode = FALSE
	EndGlobalSection
	GlobalSection(ExtensibilityGlobals) = postSolution
		SolutionGuid = {4AB743BB-849E-46E2-B3E1-26388C662C8B}
	EndGlobalSection
	GlobalSection(NestedProjects) = preSolution
	EndGlobalSection
EndGlobal
